# @generated - this file is auto-generated by `mise lock` https://mise.jdx.dev/dev-tools/mise-lock.html

[[tools.dprint]]
version = "0.57.0"
backend = "aqua:dprint/dprint"

[tools.dprint."platforms.linux-arm64"]
checksum = "sha256:76f01495dae94d531e9ebd5e97977ae9a8edc8d7fc8ae8a479d34715617cb69d"
url = "https://github.com/dprint/dprint/releases/download/0.57.0/dprint-aarch64-unknown-linux-gnu.zip"
url_api = "https://api.github.com/repos/dprint/dprint/releases/assets/536956629"

[tools.dprint."platforms.linux-x64"]
checksum = "sha256:f6275d992123e94a96ebfd0a0921aee6c7f37314e54f30ff360764cde44677bc"
url = "https://github.com/dprint/dprint/releases/download/0.57.0/dprint-x86_64-unknown-linux-gnu.zip"
url_api = "https://api.github.com/repos/dprint/dprint/releases/assets/536956631"

[tools.dprint."platforms.macos-arm64"]
checksum = "sha256:14bdbfb9b1e3ebd614d5ec08a068b04b0d0370d70c112723003dd9103a4c0c3a"
url = "https://github.com/dprint/dprint/releases/download/0.57.0/dprint-aarch64-apple-darwin.zip"
url_api = "https://api.github.com/repos/dprint/dprint/releases/assets/536956636"

[[tools.node]]
version = "24.20.0"
backend = "core:node"

[tools.node."platforms.linux-arm64"]
checksum = "sha256:3515603e2487879a39bc75716f1a2affd027500c64ba50e845cf72cb33219013"
url = "https://nodejs.org/dist/v24.20.0/node-v24.20.0-linux-arm64.tar.gz"

[tools.node."platforms.linux-x64"]
checksum = "sha256:855d581f8a4eb1a8117e3426de25fe02770592febcfb31369aee1ffbfee9e8ec"
url = "https://nodejs.org/dist/v24.20.0/node-v24.20.0-linux-x64.tar.gz"

[tools.node."platforms.macos-arm64"]
checksum = "sha256:40e5607e5ecb3db9192723776da2d75d966260fc74a7a9e731c1bd67dda96bc8"
url = "https://nodejs.org/dist/v24.20.0/node-v24.20.0-darwin-arm64.tar.gz"

[[tools.prek]]
version = "0.5.0"
backend = "aqua:j178/prek"

[tools.prek."platforms.linux-arm64"]
checksum = "sha256:c8748e2e33b3bcf43713842565c51fc56b49c00b570f30c5cfbb7af428bfa780"
url = "https://github.com/j178/prek/releases/download/v0.5.0/prek-aarch64-unknown-linux-gnu.tar.gz"
url_api = "https://api.github.com/repos/j178/prek/releases/assets/531708943"
provenance = "github-attestations"

[tools.prek."platforms.linux-x64"]
checksum = "sha256:b9b97fec40013d096a3a4f3914b8d7d467758eab923917cb43302c0219600997"
url = "https://github.com/j178/prek/releases/download/v0.5.0/prek-x86_64-unknown-linux-gnu.tar.gz"
url_api = "https://api.github.com/repos/j178/prek/releases/assets/531708995"
provenance = "github-attestations"

[tools.prek."platforms.macos-arm64"]
checksum = "sha256:73947efd142420dc1ad2856d155385b3fd54b88ba8bb769187dc8b359cc94681"
url = "https://github.com/j178/prek/releases/download/v0.5.0/prek-aarch64-apple-darwin.tar.gz"
url_api = "https://api.github.com/repos/j178/prek/releases/assets/531708937"
provenance = "github-attestations"

[[tools.trufflehog]]
version = "v3.97.1"
backend = "aqua:trufflesecurity/trufflehog"

[tools.trufflehog."platforms.linux-arm64"]
checksum = "sha256:57bfcc0988aae3f2ef97e74abe1138cf37a8fbd84dd26299062c77a6a6b125dd"
url = "https://github.com/trufflesecurity/trufflehog/releases/download/v3.97.1/trufflehog_3.97.1_linux_arm64.tar.gz"
url_api = "https://api.github.com/repos/trufflesecurity/trufflehog/releases/assets/527918234"

[tools.trufflehog."platforms.linux-x64"]
checksum = "sha256:f863ea3a8d786f7d097870496c977944cce7372a2fe1e56707d965016e543ece"
url = "https://github.com/trufflesecurity/trufflehog/releases/download/v3.97.1/trufflehog_3.97.1_linux_amd64.tar.gz"
url_api = "https://api.github.com/repos/trufflesecurity/trufflehog/releases/assets/527918235"

[tools.trufflehog."platforms.macos-arm64"]
checksum = "sha256:1af86cf30c1cc5c1735ec6af9292b399ec9bed3ff1b30be13fcbfd4a30ab449a"
url = "https://github.com/trufflesecurity/trufflehog/releases/download/v3.97.1/trufflehog_3.97.1_darwin_arm64.tar.gz"
url_api = "https://api.github.com/repos/trufflesecurity/trufflehog/releases/assets/527918239"
